// !$*UTF8*$!
{
	archiveVersion = 1;
	classes = {
	};
	objectVersion = 48;
	objects = {

/* Begin PBXBuildFile section */
		125B2E6EE94CBAC3028107B5 /* Pods_forgotPasswordUITests.framework in Frameworks */ = {isa = PBXBuildFile; fileRef = 467632408B4992D1F55B10C5 /* Pods_forgotPasswordUITests.framework */; };
		2C4AE0251FB5ABE200E31B46 /* uploadViewController.swift in Sources */ = {isa = PBXBuildFile; fileRef = 2C4AE0241FB5ABE200E31B46 /* uploadViewController.swift */; };
		2C4AE0271FB5C7D300E31B46 /* twitterlogo.png in Resources */ = {isa = PBXBuildFile; fileRef = 2C4AE0261FB5C7D300E31B46 /* twitterlogo.png */; };
		2C79FD5B1FB442AF00E0C998 /* AppDelegate.swift in Sources */ = {isa = PBXBuildFile; fileRef = 2C79FD5A1FB442AF00E0C998 /* AppDelegate.swift */; };
		2C79FD5D1FB442AF00E0C998 /* ViewController.swift in Sources */ = {isa = PBXBuildFile; fileRef = 2C79FD5C1FB442AF00E0C998 /* ViewController.swift */; };
		2C79FD601FB442AF00E0C998 /* Main.storyboard in Resources */ = {isa = PBXBuildFile; fileRef = 2C79FD5E1FB442AF00E0C998 /* Main.storyboard */; };
		2C79FD631FB442AF00E0C998 /* forgotPassword.xcdatamodeld in Sources */ = {isa = PBXBuildFile; fileRef = 2C79FD611FB442AF00E0C998 /* forgotPassword.xcdatamodeld */; };
		2C79FD651FB442AF00E0C998 /* Assets.xcassets in Resources */ = {isa = PBXBuildFile; fileRef = 2C79FD641FB442AF00E0C998 /* Assets.xcassets */; };
		2C79FD681FB442AF00E0C998 /* LaunchScreen.storyboard in Resources */ = {isa = PBXBuildFile; fileRef = 2C79FD661FB442AF00E0C998 /* LaunchScreen.storyboard */; };
		2C79FD731FB442AF00E0C998 /* forgotPasswordTests.swift in Sources */ = {isa = PBXBuildFile; fileRef = 2C79FD721FB442AF00E0C998 /* forgotPasswordTests.swift */; };
		2C79FD7E1FB442AF00E0C998 /* forgotPasswordUITests.swift in Sources */ = {isa = PBXBuildFile; fileRef = 2C79FD7D1FB442AF00E0C998 /* forgotPasswordUITests.swift */; };
		2C79FD8C1FB4522300E0C998 /* GoogleService-Info.plist in Resources */ = {isa = PBXBuildFile; fileRef = 2C79FD8B1FB4522300E0C998 /* GoogleService-Info.plist */; };
		2C79FD901FB458D300E0C998 /* signUpViewController.swift in Sources */ = {isa = PBXBuildFile; fileRef = 2C79FD8F1FB458D300E0C998 /* signUpViewController.swift */; };
		2C79FD921FB47BE300E0C998 /* forgotPasswordViewController.swift in Sources */ = {isa = PBXBuildFile; fileRef = 2C79FD911FB47BE300E0C998 /* forgotPasswordViewController.swift */; };
		2CC5A8291FBC265C00047352 /* .gitignore in Resources */ = {isa = PBXBuildFile; fileRef = 2CC5A8281FBC265C00047352 /* .gitignore */; };
		92CAF6E880B5DFD2C3EF2916 /* Pods_forgotPasswordTests.framework in Frameworks */ = {isa = PBXBuildFile; fileRef = ED3C97FA565CD9F5BDECBA27 /* Pods_forgotPasswordTests.framework */; };
		9749F2AC2D0CFFEA23B74BAF /* Pods_forgotPassword.framework in Frameworks */ = {isa = PBXBuildFile; fileRef = 8206BDFA55C486882EEDFB7D /* Pods_forgotPassword.framework */; };
/* End PBXBuildFile section */

/* Begin PBXContainerItemProxy section */
		2C79FD6F1FB442AF00E0C998 /* PBXContainerItemProxy */ = {
			isa = PBXContainerItemProxy;
			containerPortal = 2C79FD4F1FB442AE00E0C998 /* Project object */;
			proxyType = 1;
			remoteGlobalIDString = 2C79FD561FB442AE00E0C998;
			remoteInfo = forgotPassword;
		};
		2C79FD7A1FB442AF00E0C998 /* PBXContainerItemProxy */ = {
			isa = PBXContainerItemProxy;
			containerPortal = 2C79FD4F1FB442AE00E0C998 /* Project object */;
			proxyType = 1;
			remoteGlobalIDString = 2C79FD561FB442AE00E0C998;
			remoteInfo = forgotPassword;
		};
/* End PBXContainerItemProxy section */

/* Begin PBXFileReference section */
		23616A2793AB6E3A56FF2CC7 /* Pods-forgotPasswordTests.release.xcconfig */ = {isa = PBXFileReference; includeInIndex = 1; lastKnownFileType = text.xcconfig; name = "Pods-forgotPasswordTests.release.xcconfig"; path = "Pods/Target Support Files/Pods-forgotPasswordTests/Pods-forgotPasswordTests.release.xcconfig"; sourceTree = "<group>"; };
		2C4AE0241FB5ABE200E31B46 /* uploadViewController.swift */ = {isa = PBXFileReference; lastKnownFileType = sourcecode.swift; path = uploadViewController.swift; sourceTree = "<group>"; };
		2C4AE0261FB5C7D300E31B46 /* twitterlogo.png */ = {isa = PBXFileReference; lastKnownFileType = image.png; path = twitterlogo.png; sourceTree = "<group>"; };
		2C79FD571FB442AE00E0C998 /* forgotPassword.app */ = {isa = PBXFileReference; explicitFileType = wrapper.application; includeInIndex = 0; path = forgotPassword.app; sourceTree = BUILT_PRODUCTS_DIR; };
		2C79FD5A1FB442AF00E0C998 /* AppDelegate.swift */ = {isa = PBXFileReference; lastKnownFileType = sourcecode.swift; path = AppDelegate.swift; sourceTree = "<group>"; };
		2C79FD5C1FB442AF00E0C998 /* ViewController.swift */ = {isa = PBXFileReference; lastKnownFileType = sourcecode.swift; path = ViewController.swift; sourceTree = "<group>"; };
		2C79FD5F1FB442AF00E0C998 /* Base */ = {isa = PBXFileReference; lastKnownFileType = file.storyboard; name = Base; path = Base.lproj/Main.storyboard; sourceTree = "<group>"; };
		2C79FD621FB442AF00E0C998 /* forgotPassword.xcdatamodel */ = {isa = PBXFileReference; lastKnownFileType = wrapper.xcdatamodel; path = forgotPassword.xcdatamodel; sourceTree = "<group>"; };
		2C79FD641FB442AF00E0C998 /* Assets.xcassets */ = {isa = PBXFileReference; lastKnownFileType = folder.assetcatalog; path = Assets.xcassets; sourceTree = "<group>"; };
		2C79FD671FB442AF00E0C998 /* Base */ = {isa = PBXFileReference; lastKnownFileType = file.storyboard; name = Base; path = Base.lproj/LaunchScreen.storyboard; sourceTree = "<group>"; };
		2C79FD691FB442AF00E0C998 /* Info.plist */ = {isa = PBXFileReference; lastKnownFileType = text.plist.xml; path = Info.plist; sourceTree = "<group>"; };
		2C79FD6E1FB442AF00E0C998 /* forgotPasswordTests.xctest */ = {isa = PBXFileReference; explicitFileType = wrapper.cfbundle; includeInIndex = 0; path = forgotPasswordTests.xctest; sourceTree = BUILT_PRODUCTS_DIR; };
		2C79FD721FB442AF00E0C998 /* forgotPasswordTests.swift */ = {isa = PBXFileReference; lastKnownFileType = sourcecode.swift; path = forgotPasswordTests.swift; sourceTree = "<group>"; };
		2C79FD741FB442AF00E0C998 /* Info.plist */ = {isa = PBXFileReference; lastKnownFileType = text.plist.xml; path = Info.plist; sourceTree = "<group>"; };
		2C79FD791FB442AF00E0C998 /* forgotPasswordUITests.xctest */ = {isa = PBXFileReference; explicitFileType = wrapper.cfbundle; includeInIndex = 0; path = forgotPasswordUITests.xctest; sourceTree = BUILT_PRODUCTS_DIR; };
		2C79FD7D1FB442AF00E0C998 /* forgotPasswordUITests.swift */ = {isa = PBXFileReference; lastKnownFileType = sourcecode.swift; path = forgotPasswordUITests.swift; sourceTree = "<group>"; };
		2C79FD7F1FB442AF00E0C998 /* Info.plist */ = {isa = PBXFileReference; lastKnownFileType = text.plist.xml; path = Info.plist; sourceTree = "<group>"; };
		2C79FD8B1FB4522300E0C998 /* GoogleService-Info.plist */ = {isa = PBXFileReference; fileEncoding = 4; lastKnownFileType = text.plist.xml; path = "GoogleService-Info.plist"; sourceTree = "<group>"; };
		2C79FD8F1FB458D300E0C998 /* signUpViewController.swift */ = {isa = PBXFileReference; lastKnownFileType = sourcecode.swift; path = signUpViewController.swift; sourceTree = "<group>"; };
		2C79FD911FB47BE300E0C998 /* forgotPasswordViewController.swift */ = {isa = PBXFileReference; lastKnownFileType = sourcecode.swift; path = forgotPasswordViewController.swift; sourceTree = "<group>"; };
		2CB87284354F1E70C30E0B9A /* Pods-forgotPasswordUITests.release.xcconfig */ = {isa = PBXFileReference; includeInIndex = 1; lastKnownFileType = text.xcconfig; name = "Pods-forgotPasswordUITests.release.xcconfig"; path = "Pods/Target Support Files/Pods-forgotPasswordUITests/Pods-forgotPasswordUITests.release.xcconfig"; sourceTree = "<group>"; };
		2CC5A8281FBC265C00047352 /* .gitignore */ = {isa = PBXFileReference; lastKnownFileType = text; path = .gitignore; sourceTree = "<group>"; };
		32E4DCE7087658FE2A969E4F /* Pods-forgotPasswordUITests.debug.xcconfig */ = {isa = PBXFileReference; includeInIndex = 1; lastKnownFileType = text.xcconfig; name = "Pods-forgotPasswordUITests.debug.xcconfig"; path = "Pods/Target Support Files/Pods-forgotPasswordUITests/Pods-forgotPasswordUITests.debug.xcconfig"; sourceTree = "<group>"; };
		467632408B4992D1F55B10C5 /* Pods_forgotPasswordUITests.framework */ = {isa = PBXFileReference; explicitFileType = wrapper.framework; includeInIndex = 0; path = Pods_forgotPasswordUITests.framework; sourceTree = BUILT_PRODUCTS_DIR; };
		8206BDFA55C486882EEDFB7D /* Pods_forgotPassword.framework */ = {isa = PBXFileReference; explicitFileType = wrapper.framework; includeInIndex = 0; path = Pods_forgotPassword.framework; sourceTree = BUILT_PRODUCTS_DIR; };
		85E7F3C9974DC9B046FA45E2 /* Pods-forgotPasswordTests.debug.xcconfig */ = {isa = PBXFileReference; includeInIndex = 1; lastKnownFileType = text.xcconfig; name = "Pods-forgotPasswordTests.debug.xcconfig"; path = "Pods/Target Support Files/Pods-forgotPasswordTests/Pods-forgotPasswordTests.debug.xcconfig"; sourceTree = "<group>"; };
		ACE6990DCFEB9A8610B01F20 /* Pods-forgotPassword.debug.xcconfig */ = {isa = PBXFileReference; includeInIndex = 1; lastKnownFileType = text.xcconfig; name = "Pods-forgotPassword.debug.xcconfig"; path = "Pods/Target Support Files/Pods-forgotPassword/Pods-forgotPassword.debug.xcconfig"; sourceTree = "<group>"; };
		ED3C97FA565CD9F5BDECBA27 /* Pods_forgotPasswordTests.framework */ = {isa = PBXFileReference; explicitFileType = wrapper.framework; includeInIndex = 0; path = Pods_forgotPasswordTests.framework; sourceTree = BUILT_PRODUCTS_DIR; };
		F72D1B37D0BD5ABA17F8A411 /* Pods-forgotPassword.release.xcconfig */ = {isa = PBXFileReference; includeInIndex = 1; lastKnownFileType = text.xcconfig; name = "Pods-forgotPassword.release.xcconfig"; path = "Pods/Target Support Files/Pods-forgotPassword/Pods-forgotPassword.release.xcconfig"; sourceTree = "<group>"; };
/* End PBXFileReference section */

/* Begin PBXFrameworksBuildPhase section */
		2C79FD541FB442AE00E0C998 /* Frameworks */ = {
			isa = PBXFrameworksBuildPhase;
			buildActionMask = 2147483647;
			files = (
				9749F2AC2D0CFFEA23B74BAF /* Pods_forgotPassword.framework in Frameworks */,
			);
			runOnlyForDeploymentPostprocessing = 0;
		};
		2C79FD6B1FB442AF00E0C998 /* Frameworks */ = {
			isa = PBXFrameworksBuildPhase;
			buildActionMask = 2147483647;
			files = (
				92CAF6E880B5DFD2C3EF2916 /* Pods_forgotPasswordTests.framework in Frameworks */,
			);
			runOnlyForDeploymentPostprocessing = 0;
		};
		2C79FD761FB442AF00E0C998 /* Frameworks */ = {
			isa = PBXFrameworksBuildPhase;
			buildActionMask = 2147483647;
			files = (
				125B2E6EE94CBAC3028107B5 /* Pods_forgotPasswordUITests.framework in Frameworks */,
			);
			runOnlyForDeploymentPostprocessing = 0;
		};
/* End PBXFrameworksBuildPhase section */

/* Begin PBXGroup section */
		2C79FD4E1FB442AE00E0C998 = {
			isa = PBXGroup;
			children = (
				2C79FD591FB442AF00E0C998 /* forgotPassword */,
				2C79FD711FB442AF00E0C998 /* forgotPasswordTests */,
				2C79FD7C1FB442AF00E0C998 /* forgotPasswordUITests */,
				2C79FD581FB442AE00E0C998 /* Products */,
				44C420E2C94603AF724363A1 /* Pods */,
				41DFA912B40C1AC32E9AF7CF /* Frameworks */,
			);
			sourceTree = "<group>";
		};
		2C79FD581FB442AE00E0C998 /* Products */ = {
			isa = PBXGroup;
			children = (
				2C79FD571FB442AE00E0C998 /* forgotPassword.app */,
				2C79FD6E1FB442AF00E0C998 /* forgotPasswordTests.xctest */,
				2C79FD791FB442AF00E0C998 /* forgotPasswordUITests.xctest */,
			);
			name = Products;
			sourceTree = "<group>";
		};
		2C79FD591FB442AF00E0C998 /* forgotPassword */ = {
			isa = PBXGroup;
			children = (
				2C79FD8B1FB4522300E0C998 /* GoogleService-Info.plist */,
				2C79FD5A1FB442AF00E0C998 /* AppDelegate.swift */,
				2C79FD5C1FB442AF00E0C998 /* ViewController.swift */,
				2C79FD5E1FB442AF00E0C998 /* Main.storyboard */,
				2C79FD641FB442AF00E0C998 /* Assets.xcassets */,
				2C79FD661FB442AF00E0C998 /* LaunchScreen.storyboard */,
				2C79FD691FB442AF00E0C998 /* Info.plist */,
				2C79FD611FB442AF00E0C998 /* forgotPassword.xcdatamodeld */,
				2C79FD8F1FB458D300E0C998 /* signUpViewController.swift */,
				2C79FD911FB47BE300E0C998 /* forgotPasswordViewController.swift */,
				2C4AE0261FB5C7D300E31B46 /* twitterlogo.png */,
				2C4AE0241FB5ABE200E31B46 /* uploadViewController.swift */,
				2CC5A8281FBC265C00047352 /* .gitignore */,
			);
			path = forgotPassword;
			sourceTree = "<group>";
		};
		2C79FD711FB442AF00E0C998 /* forgotPasswordTests */ = {
			isa = PBXGroup;
			children = (
				2C79FD721FB442AF00E0C998 /* forgotPasswordTests.swift */,
				2C79FD741FB442AF00E0C998 /* Info.plist */,
			);
			path = forgotPasswordTests;
			sourceTree = "<group>";
		};
		2C79FD7C1FB442AF00E0C998 /* forgotPasswordUITests */ = {
			isa = PBXGroup;
			children = (
				2C79FD7D1FB442AF00E0C998 /* forgotPasswordUITests.swift */,
				2C79FD7F1FB442AF00E0C998 /* Info.plist */,
			);
			path = forgotPasswordUITests;
			sourceTree = "<group>";
		};
		41DFA912B40C1AC32E9AF7CF /* Frameworks */ = {
			isa = PBXGroup;
			children = (
				8206BDFA55C486882EEDFB7D /* Pods_forgotPassword.framework */,
				ED3C97FA565CD9F5BDECBA27 /* Pods_forgotPasswordTests.framework */,
				467632408B4992D1F55B10C5 /* Pods_forgotPasswordUITests.framework */,
			);
			name = Frameworks;
			sourceTree = "<group>";
		};
		44C420E2C94603AF724363A1 /* Pods */ = {
			isa = PBXGroup;
			children = (
				ACE6990DCFEB9A8610B01F20 /* Pods-forgotPassword.debug.xcconfig */,
				F72D1B37D0BD5ABA17F8A411 /* Pods-forgotPassword.release.xcconfig */,
				85E7F3C9974DC9B046FA45E2 /* Pods-forgotPasswordTests.debug.xcconfig */,
				23616A2793AB6E3A56FF2CC7 /* Pods-forgotPasswordTests.release.xcconfig */,
				32E4DCE7087658FE2A969E4F /* Pods-forgotPasswordUITests.debug.xcconfig */,
				2CB87284354F1E70C30E0B9A /* Pods-forgotPasswordUITests.release.xcconfig */,
			);
			name = Pods;
			sourceTree = "<group>";
		};
/* End PBXGroup section */

/* Begin PBXNativeTarget section */
		2C79FD561FB442AE00E0C998 /* forgotPassword */ = {
			isa = PBXNativeTarget;
			buildConfigurationList = 2C79FD821FB442AF00E0C998 /* Build configuration list for PBXNativeTarget "forgotPassword" */;
			buildPhases = (
				70C64D2DF5F5A4ACA7AE8DD0 /* [CP] Check Pods Manifest.lock */,
				2C79FD531FB442AE00E0C998 /* Sources */,
				2C79FD541FB442AE00E0C998 /* Frameworks */,
				2C79FD551FB442AE00E0C998 /* Resources */,
				D7DE991CFBA7B60A1F66F1FD /* [CP] Embed Pods Frameworks */,
				AA4142FD82F7829452B84FC2 /* [CP] Copy Pods Resources */,
			);
			buildRules = (
			);
			dependencies = (
			);
			name = forgotPassword;
			productName = forgotPassword;
			productReference = 2C79FD571FB442AE00E0C998 /* forgotPassword.app */;
			productType = "com.apple.product-type.application";
		};
		2C79FD6D1FB442AF00E0C998 /* forgotPasswordTests */ = {
			isa = PBXNativeTarget;
			buildConfigurationList = 2C79FD851FB442AF00E0C998 /* Build configuration list for PBXNativeTarget "forgotPasswordTests" */;
			buildPhases = (
				86E0AE3ECB42959684ED4C08 /* [CP] Check Pods Manifest.lock */,
				2C79FD6A1FB442AF00E0C998 /* Sources */,
				2C79FD6B1FB442AF00E0C998 /* Frameworks */,
				2C79FD6C1FB442AF00E0C998 /* Resources */,
				8D9479B28C2189DFB097DCC5 /* [CP] Embed Pods Frameworks */,
				8C657689DA91FE9C0FEEA6B9 /* [CP] Copy Pods Resources */,
			);
			buildRules = (
			);
			dependencies = (
				2C79FD701FB442AF00E0C998 /* PBXTargetDependency */,
			);
			name = forgotPasswordTests;
			productName = forgotPasswordTests;
			productReference = 2C79FD6E1FB442AF00E0C998 /* forgotPasswordTests.xctest */;
			productType = "com.apple.product-type.bundle.unit-test";
		};
		2C79FD781FB442AF00E0C998 /* forgotPasswordUITests */ = {
			isa = PBXNativeTarget;
			buildConfigurationList = 2C79FD881FB442AF00E0C998 /* Build configuration list for PBXNativeTarget "forgotPasswordUITests" */;
			buildPhases = (
				AD304F784F4CFD14F3DDF2E6 /* [CP] Check Pods Manifest.lock */,
				2C79FD751FB442AF00E0C998 /* Sources */,
				2C79FD761FB442AF00E0C998 /* Frameworks */,
				2C79FD771FB442AF00E0C998 /* Resources */,
				7D837487D9CAABA9306DE570 /* [CP] Embed Pods Frameworks */,
				8F2A642C16699B10EA10AD80 /* [CP] Copy Pods Resources */,
			);
			buildRules = (
			);
			dependencies = (
				2C79FD7B1FB442AF00E0C998 /* PBXTargetDependency */,
			);
			name = forgotPasswordUITests;
			productName = forgotPasswordUITests;
			productReference = 2C79FD791FB442AF00E0C998 /* forgotPasswordUITests.xctest */;
			productType = "com.apple.product-type.bundle.ui-testing";
		};
/* End PBXNativeTarget section */

/* Begin PBXProject section */
		2C79FD4F1FB442AE00E0C998 /* Project object */ = {
			isa = PBXProject;
			attributes = {
				LastSwiftUpdateCheck = 0900;
				LastUpgradeCheck = 0900;
				ORGANIZATIONNAME = raSe;
				TargetAttributes = {
					2C79FD561FB442AE00E0C998 = {
						CreatedOnToolsVersion = 9.0.1;
						ProvisioningStyle = Automatic;
					};
					2C79FD6D1FB442AF00E0C998 = {
						CreatedOnToolsVersion = 9.0.1;
						ProvisioningStyle = Automatic;
						TestTargetID = 2C79FD561FB442AE00E0C998;
					};
					2C79FD781FB442AF00E0C998 = {
						CreatedOnToolsVersion = 9.0.1;
						ProvisioningStyle = Automatic;
						TestTargetID = 2C79FD561FB442AE00E0C998;
					};
				};
			};
			buildConfigurationList = 2C79FD521FB442AE00E0C998 /* Build configuration list for PBXProject "forgotPassword" */;
			compatibilityVersion = "Xcode 8.0";
			developmentRegion = en;
			hasScannedForEncodings = 0;
			knownRegions = (
				en,
				Base,
			);
			mainGroup = 2C79FD4E1FB442AE00E0C998;
			productRefGroup = 2C79FD581FB442AE00E0C998 /* Products */;
			projectDirPath = "";
			projectRoot = "";
			targets = (
				2C79FD561FB442AE00E0C998 /* forgotPassword */,
				2C79FD6D1FB442AF00E0C998 /* forgotPasswordTests */,
				2C79FD781FB442AF00E0C998 /* forgotPasswordUITests */,
			);
		};
/* End PBXProject section */

/* Begin PBXResourcesBuildPhase section */
		2C79FD551FB442AE00E0C998 /* Resources */ = {
			isa = PBXResourcesBuildPhase;
			buildActionMask = 2147483647;
			files = (
				2C79FD681FB442AF00E0C998 /* LaunchScreen.storyboard in Resources */,
				2C79FD8C1FB4522300E0C998 /* GoogleService-Info.plist in Resources */,
				2C79FD651FB442AF00E0C998 /* Assets.xcassets in Resources */,
				2C4AE0271FB5C7D300E31B46 /* twitterlogo.png in Resources */,
				2CC5A8291FBC265C00047352 /* .gitignore in Resources */,
				2C79FD601FB442AF00E0C998 /* Main.storyboard in Resources */,
			);
			runOnlyForDeploymentPostprocessing = 0;
		};
		2C79FD6C1FB442AF00E0C998 /* Resources */ = {
			isa = PBXResourcesBuildPhase;
			buildActionMask = 2147483647;
			files = (
			);
			runOnlyForDeploymentPostprocessing = 0;
		};
		2C79FD771FB442AF00E0C998 /* Resources */ = {
			isa = PBXResourcesBuildPhase;
			buildActionMask = 2147483647;
			files = (
			);
			runOnlyForDeploymentPostprocessing = 0;
		};
/* End PBXResourcesBuildPhase section */

/* Begin PBXShellScriptBuildPhase section */
		70C64D2DF5F5A4ACA7AE8DD0 /* [CP] Check Pods Manifest.lock */ = {
			isa = PBXShellScriptBuildPhase;
			buildActionMask = 2147483647;
			files = (
			);
			inputPaths = (
				"${PODS_PODFILE_DIR_PATH}/Podfile.lock",
				"${PODS_ROOT}/Manifest.lock",
			);
			name = "[CP] Check Pods Manifest.lock";
			outputPaths = (
				"$(DERIVED_FILE_DIR)/Pods-forgotPassword-checkManifestLockResult.txt",
			);
			runOnlyForDeploymentPostprocessing = 0;
			shellPath = /bin/sh;
			shellScript = "diff \"${PODS_PODFILE_DIR_PATH}/Podfile.lock\" \"${PODS_ROOT}/Manifest.lock\" > /dev/null\nif [ $? != 0 ] ; then\n    # print error to STDERR\n    echo \"error: The sandbox is not in sync with the Podfile.lock. Run 'pod install' or update your CocoaPods installation.\" >&2\n    exit 1\nfi\n# This output is used by Xcode 'outputs' to avoid re-running this script phase.\necho \"SUCCESS\" > \"${SCRIPT_OUTPUT_FILE_0}\"\n";
			showEnvVarsInLog = 0;
		};
		7D837487D9CAABA9306DE570 /* [CP] Embed Pods Frameworks */ = {
			isa = PBXShellScriptBuildPhase;
			buildActionMask = 2147483647;
			files = (
			);
			inputPaths = (
			);
			name = "[CP] Embed Pods Frameworks";
			outputPaths = (
			);
			runOnlyForDeploymentPostprocessing = 0;
			shellPath = /bin/sh;
			shellScript = "\"${SRCROOT}/Pods/Target Support Files/Pods-forgotPasswordUITests/Pods-forgotPasswordUITests-frameworks.sh\"\n";
			showEnvVarsInLog = 0;
		};
		86E0AE3ECB42959684ED4C08 /* [CP] Check Pods Manifest.lock */ = {
			isa = PBXShellScriptBuildPhase;
			buildActionMask = 2147483647;
			files = (
			);
			inputPaths = (
				"${PODS_PODFILE_DIR_PATH}/Podfile.lock",
				"${PODS_ROOT}/Manifest.lock",
			);
			name = "[CP] Check Pods Manifest.lock";
			outputPaths = (
				"$(DERIVED_FILE_DIR)/Pods-forgotPasswordTests-checkManifestLockResult.txt",
			);
			runOnlyForDeploymentPostprocessing = 0;
			shellPath = /bin/sh;
			shellScript = "diff \"${PODS_PODFILE_DIR_PATH}/Podfile.lock\" \"${PODS_ROOT}/Manifest.lock\" > /dev/null\nif [ $? != 0 ] ; then\n    # print error to STDERR\n    echo \"error: The sandbox is not in sync with the Podfile.lock. Run 'pod install' or update your CocoaPods installation.\" >&2\n    exit 1\nfi\n# This output is used by Xcode 'outputs' to avoid re-running this script phase.\necho \"SUCCESS\" > \"${SCRIPT_OUTPUT_FILE_0}\"\n";
			showEnvVarsInLog = 0;
		};
		8C657689DA91FE9C0FEEA6B9 /* [CP] Copy Pods Resources */ = {
			isa = PBXShellScriptBuildPhase;
			buildActionMask = 2147483647;
			files = (
			);
			inputPaths = (
			);
			name = "[CP] Copy Pods Resources";
			outputPaths = (
			);
			runOnlyForDeploymentPostprocessing = 0;
			shellPath = /bin/sh;
			shellScript = "\"${SRCROOT}/Pods/Target Support Files/Pods-forgotPasswordTests/Pods-forgotPasswordTests-resources.sh\"\n";
			showEnvVarsInLog = 0;
		};
		8D9479B28C2189DFB097DCC5 /* [CP] Embed Pods Frameworks */ = {
			isa = PBXShellScriptBuildPhase;
			buildActionMask = 2147483647;
			files = (
			);
			inputPaths = (
			);
			name = "[CP] Embed Pods Frameworks";
			outputPaths = (
			);
			runOnlyForDeploymentPostprocessing = 0;
			shellPath = /bin/sh;
			shellScript = "\"${SRCROOT}/Pods/Target Support Files/Pods-forgotPasswordTests/Pods-forgotPasswordTests-frameworks.sh\"\n";
			showEnvVarsInLog = 0;
		};
		8F2A642C16699B10EA10AD80 /* [CP] Copy Pods Resources */ = {
			isa = PBXShellScriptBuildPhase;
			buildActionMask = 2147483647;
			files = (
			);
			inputPaths = (
			);
			name = "[CP] Copy Pods Resources";
			outputPaths = (
			);
			runOnlyForDeploymentPostprocessing = 0;
			shellPath = /bin/sh;
			shellScript = "\"${SRCROOT}/Pods/Target Support Files/Pods-forgotPasswordUITests/Pods-forgotPasswordUITests-resources.sh\"\n";
			showEnvVarsInLog = 0;
		};
		AA4142FD82F7829452B84FC2 /* [CP] Copy Pods Resources */ = {
			isa = PBXShellScriptBuildPhase;
			buildActionMask = 2147483647;
			files = (
			);
			inputPaths = (
			);
			name = "[CP] Copy Pods Resources";
			outputPaths = (
			);
			runOnlyForDeploymentPostprocessing = 0;
			shellPath = /bin/sh;
			shellScript = "\"${SRCROOT}/Pods/Target Support Files/Pods-forgotPassword/Pods-forgotPassword-resources.sh\"\n";
			showEnvVarsInLog = 0;
		};
		AD304F784F4CFD14F3DDF2E6 /* [CP] Check Pods Manifest.lock */ = {
			isa = PBXShellScriptBuildPhase;
			buildActionMask = 2147483647;
			files = (
			);
			inputPaths = (
				"${PODS_PODFILE_DIR_PATH}/Podfile.lock",
				"${PODS_ROOT}/Manifest.lock",
			);
			name = "[CP] Check Pods Manifest.lock";
			outputPaths = (
				"$(DERIVED_FILE_DIR)/Pods-forgotPasswordUITests-checkManifestLockResult.txt",
			);
			runOnlyForDeploymentPostprocessing = 0;
			shellPath = /bin/sh;
			shellScript = "diff \"${PODS_PODFILE_DIR_PATH}/Podfile.lock\" \"${PODS_ROOT}/Manifest.lock\" > /dev/null\nif [ $? != 0 ] ; then\n    # print error to STDERR\n    echo \"error: The sandbox is not in sync with the Podfile.lock. Run 'pod install' or update your CocoaPods installation.\" >&2\n    exit 1\nfi\n# This output is used by Xcode 'outputs' to avoid re-running this script phase.\necho \"SUCCESS\" > \"${SCRIPT_OUTPUT_FILE_0}\"\n";
			showEnvVarsInLog = 0;
		};
		D7DE991CFBA7B60A1F66F1FD /* [CP] Embed Pods Frameworks */ = {
			isa = PBXShellScriptBuildPhase;
			buildActionMask = 2147483647;
			files = (
			);
			inputPaths = (
				"${SRCROOT}/Pods/Target Support Files/Pods-forgotPassword/Pods-forgotPassword-frameworks.sh",
				"${BUILT_PRODUCTS_DIR}/Alamofire/Alamofire.framework",
				"${BUILT_PRODUCTS_DIR}/BrightFutures/BrightFutures.framework",
				"${BUILT_PRODUCTS_DIR}/GTMSessionFetcher/GTMSessionFetcher.framework",
				"${BUILT_PRODUCTS_DIR}/GoogleToolboxForMac/GoogleToolboxForMac.framework",
				"${BUILT_PRODUCTS_DIR}/NADocumentPicker/NADocumentPicker.framework",
				"${BUILT_PRODUCTS_DIR}/Protobuf/Protobuf.framework",
				"${BUILT_PRODUCTS_DIR}/Result/Result.framework",
				"${BUILT_PRODUCTS_DIR}/SDWebImage/SDWebImage.framework",
				"${BUILT_PRODUCTS_DIR}/SwiftyJSON/SwiftyJSON.framework",
				"${BUILT_PRODUCTS_DIR}/leveldb-library/leveldb.framework",
				"${BUILT_PRODUCTS_DIR}/nanopb/nanopb.framework",
			);
			name = "[CP] Embed Pods Frameworks";
			outputPaths = (
				"${TARGET_BUILD_DIR}/${FRAMEWORKS_FOLDER_PATH}/Alamofire.framework",
				"${TARGET_BUILD_DIR}/${FRAMEWORKS_FOLDER_PATH}/BrightFutures.framework",
				"${TARGET_BUILD_DIR}/${FRAMEWORKS_FOLDER_PATH}/GTMSessionFetcher.framework",
				"${TARGET_BUILD_DIR}/${FRAMEWORKS_FOLDER_PATH}/GoogleToolboxForMac.framework",
				"${TARGET_BUILD_DIR}/${FRAMEWORKS_FOLDER_PATH}/NADocumentPicker.framework",
				"${TARGET_BUILD_DIR}/${FRAMEWORKS_FOLDER_PATH}/Protobuf.framework",
				"${TARGET_BUILD_DIR}/${FRAMEWORKS_FOLDER_PATH}/Result.framework",
				"${TARGET_BUILD_DIR}/${FRAMEWORKS_FOLDER_PATH}/SDWebImage.framework",
				"${TARGET_BUILD_DIR}/${FRAMEWORKS_FOLDER_PATH}/SwiftyJSON.framework",
				"${TARGET_BUILD_DIR}/${FRAMEWORKS_FOLDER_PATH}/leveldb.framework",
				"${TARGET_BUILD_DIR}/${FRAMEWORKS_FOLDER_PATH}/nanopb.framework",
			);
			runOnlyForDeploymentPostprocessing = 0;
			shellPath = /bin/sh;
			shellScript = "\"${SRCROOT}/Pods/Target Support Files/Pods-forgotPassword/Pods-forgotPassword-frameworks.sh\"\n";
			showEnvVarsInLog = 0;
		};
/* End PBXShellScriptBuildPhase section */

/* Begin PBXSourcesBuildPhase section */
		2C79FD531FB442AE00E0C998 /* Sources */ = {
			isa = PBXSourcesBuildPhase;
			buildActionMask = 2147483647;
			files = (
				2C79FD5D1FB442AF00E0C998 /* ViewController.swift in Sources */,
				2C79FD631FB442AF00E0C998 /* forgotPassword.xcdatamodeld in Sources */,
				2C79FD901FB458D300E0C998 /* signUpViewController.swift in Sources */,
				2C4AE0251FB5ABE200E31B46 /* uploadViewController.swift in Sources */,
				2C79FD921FB47BE300E0C998 /* forgotPasswordViewController.swift in Sources */,
				2C79FD5B1FB442AF00E0C998 /* AppDelegate.swift in Sources */,
			);
			runOnlyForDeploymentPostprocessing = 0;
		};
		2C79FD6A1FB442AF00E0C998 /* Sources */ = {
			isa = PBXSourcesBuildPhase;
			buildActionMask = 2147483647;
			files = (
				2C79FD731FB442AF00E0C998 /* forgotPasswordTests.swift in Sources */,
			);
			runOnlyForDeploymentPostprocessing = 0;
		};
		2C79FD751FB442AF00E0C998 /* Sources */ = {
			isa = PBXSourcesBuildPhase;
			buildActionMask = 2147483647;
			files = (
				2C79FD7E1FB442AF00E0C998 /* forgotPasswordUITests.swift in Sources */,
			);
			runOnlyForDeploymentPostprocessing = 0;
		};
/* End PBXSourcesBuildPhase section */

/* Begin PBXTargetDependency section */
		2C79FD701FB442AF00E0C998 /* PBXTargetDependency */ = {
			isa = PBXTargetDependency;
			target = 2C79FD561FB442AE00E0C998 /* forgotPassword */;
			targetProxy = 2C79FD6F1FB442AF00E0C998 /* PBXContainerItemProxy */;
		};
		2C79FD7B1FB442AF00E0C998 /* PBXTargetDependency */ = {
			isa = PBXTargetDependency;
			target = 2C79FD561FB442AE00E0C998 /* forgotPassword */;
			targetProxy = 2C79FD7A1FB442AF00E0C998 /* PBXContainerItemProxy */;
		};
/* End PBXTargetDependency section */

/* Begin PBXVariantGroup section */
		2C79FD5E1FB442AF00E0C998 /* Main.storyboard */ = {
			isa = PBXVariantGroup;
			children = (
				2C79FD5F1FB442AF00E0C998 /* Base */,
			);
			name = Main.storyboard;
			sourceTree = "<group>";
		};
		2C79FD661FB442AF00E0C998 /* LaunchScreen.storyboard */ = {
			isa = PBXVariantGroup;
			children = (
				2C79FD671FB442AF00E0C998 /* Base */,
			);
			name = LaunchScreen.storyboard;
			sourceTree = "<group>";
		};
/* End PBXVariantGroup section */

/* Begin XCBuildConfiguration section */
		2C79FD801FB442AF00E0C998 /* Debug */ = {
			isa = XCBuildConfiguration;
			buildSettings = {
				ALWAYS_SEARCH_USER_PATHS = NO;
				CLANG_ANALYZER_NONNULL = YES;
				CLANG_ANALYZER_NUMBER_OBJECT_CONVERSION = YES_AGGRESSIVE;
				CLANG_CXX_LANGUAGE_STANDARD = "gnu++14";
				CLANG_CXX_LIBRARY = "libc++";
				CLANG_ENABLE_MODULES = YES;
				CLANG_ENABLE_OBJC_ARC = YES;
				CLANG_WARN_BLOCK_CAPTURE_AUTORELEASING = YES;
				CLANG_WARN_BOOL_CONVERSION = YES;
				CLANG_WARN_COMMA = YES;
				CLANG_WARN_CONSTANT_CONVERSION = YES;
				CLANG_WARN_DIRECT_OBJC_ISA_USAGE = YES_ERROR;
				CLANG_WARN_DOCUMENTATION_COMMENTS = YES;
				CLANG_WARN_EMPTY_BODY = YES;
				CLANG_WARN_ENUM_CONVERSION = YES;
				CLANG_WARN_INFINITE_RECURSION = YES;
				CLANG_WARN_INT_CONVERSION = YES;
				CLANG_WARN_NON_LITERAL_NULL_CONVERSION = YES;
				CLANG_WARN_OBJC_LITERAL_CONVERSION = YES;
				CLANG_WARN_OBJC_ROOT_CLASS = YES_ERROR;
				CLANG_WARN_RANGE_LOOP_ANALYSIS = YES;
				CLANG_WARN_STRICT_PROTOTYPES = YES;
				CLANG_WARN_SUSPICIOUS_MOVE = YES;
				CLANG_WARN_UNGUARDED_AVAILABILITY = YES_AGGRESSIVE;
				CLANG_WARN_UNREACHABLE_CODE = YES;
				CLANG_WARN__DUPLICATE_METHOD_MATCH = YES;
				CODE_SIGN_IDENTITY = "iPhone Developer";
				COPY_PHASE_STRIP = NO;
				DEBUG_INFORMATION_FORMAT = dwarf;
				ENABLE_STRICT_OBJC_MSGSEND = YES;
				ENABLE_TESTABILITY = YES;
				GCC_C_LANGUAGE_STANDARD = gnu11;
				GCC_DYNAMIC_NO_PIC = NO;
				GCC_NO_COMMON_BLOCKS = YES;
				GCC_OPTIMIZATION_LEVEL = 0;
				GCC_PREPROCESSOR_DEFINITIONS = (
					"DEBUG=1",
					"$(inherited)",
				);
				GCC_WARN_64_TO_32_BIT_CONVERSION = YES;
				GCC_WARN_ABOUT_RETURN_TYPE = YES_ERROR;
				GCC_WARN_UNDECLARED_SELECTOR = YES;
				GCC_WARN_UNINITIALIZED_AUTOS = YES_AGGRESSIVE;
				GCC_WARN_UNUSED_FUNCTION = YES;
				GCC_WARN_UNUSED_VARIABLE = YES;
				IPHONEOS_DEPLOYMENT_TARGET = 11.0;
				MTL_ENABLE_DEBUG_INFO = YES;
				ONLY_ACTIVE_ARCH = YES;
				SDKROOT = iphoneos;
				SWIFT_ACTIVE_COMPILATION_CONDITIONS = DEBUG;
				SWIFT_OPTIMIZATION_LEVEL = "-Onone";
			};
			name = Debug;
		};
		2C79FD811FB442AF00E0C998 /* Release */ = {
			isa = XCBuildConfiguration;
			buildSettings = {
				ALWAYS_SEARCH_USER_PATHS = NO;
				CLANG_ANALYZER_NONNULL = YES;
				CLANG_ANALYZER_NUMBER_OBJECT_CONVERSION = YES_AGGRESSIVE;
				CLANG_CXX_LANGUAGE_STANDARD = "gnu++14";
				CLANG_CXX_LIBRARY = "libc++";
				CLANG_ENABLE_MODULES = YES;
				CLANG_ENABLE_OBJC_ARC = YES;
				CLANG_WARN_BLOCK_CAPTURE_AUTORELEASING = YES;
				CLANG_WARN_BOOL_CONVERSION = YES;
				CLANG_WARN_COMMA = YES;
				CLANG_WARN_CONSTANT_CONVERSION = YES;
				CLANG_WARN_DIRECT_OBJC_ISA_USAGE = YES_ERROR;
				CLANG_WARN_DOCUMENTATION_COMMENTS = YES;
				CLANG_WARN_EMPTY_BODY = YES;
				CLANG_WARN_ENUM_CONVERSION = YES;
				CLANG_WARN_INFINITE_RECURSION = YES;
				CLANG_WARN_INT_CONVERSION = YES;
				CLANG_WARN_NON_LITERAL_NULL_CONVERSION = YES;
				CLANG_WARN_OBJC_LITERAL_CONVERSION = YES;
				CLANG_WARN_OBJC_ROOT_CLASS = YES_ERROR;
				CLANG_WARN_RANGE_LOOP_ANALYSIS = YES;
				CLANG_WARN_STRICT_PROTOTYPES = YES;
				CLANG_WARN_SUSPICIOUS_MOVE = YES;
				CLANG_WARN_UNGUARDED_AVAILABILITY = YES_AGGRESSIVE;
				CLANG_WARN_UNREACHABLE_CODE = YES;
				CLANG_WARN__DUPLICATE_METHOD_MATCH = YES;
				CODE_SIGN_IDENTITY = "iPhone Developer";
				COPY_PHASE_STRIP = NO;
				DEBUG_INFORMATION_FORMAT = "dwarf-with-dsym";
				ENABLE_NS_ASSERTIONS = NO;
				ENABLE_STRICT_OBJC_MSGSEND = YES;
				GCC_C_LANGUAGE_STANDARD = gnu11;
				GCC_NO_COMMON_BLOCKS = YES;
				GCC_WARN_64_TO_32_BIT_CONVERSION = YES;
				GCC_WARN_ABOUT_RETURN_TYPE = YES_ERROR;
				GCC_WARN_UNDECLARED_SELECTOR = YES;
				GCC_WARN_UNINITIALIZED_AUTOS = YES_AGGRESSIVE;
				GCC_WARN_UNUSED_FUNCTION = YES;
				GCC_WARN_UNUSED_VARIABLE = YES;
				IPHONEOS_DEPLOYMENT_TARGET = 11.0;
				MTL_ENABLE_DEBUG_INFO = NO;
				SDKROOT = iphoneos;
				SWIFT_OPTIMIZATION_LEVEL = "-Owholemodule";
				VALIDATE_PRODUCT = YES;
			};
			name = Release;
		};
		2C79FD831FB442AF00E0C998 /* Debug */ = {
			isa = XCBuildConfiguration;
			baseConfigurationReference = ACE6990DCFEB9A8610B01F20 /* Pods-forgotPassword.debug.xcconfig */;
			buildSettings = {
				ASSETCATALOG_COMPILER_APPICON_NAME = AppIcon;
				CODE_SIGN_STYLE = Automatic;
				DEVELOPMENT_TEAM = 7LHLQS9ZQQ;
				INFOPLIST_FILE = forgotPassword/Info.plist;
				LD_RUNPATH_SEARCH_PATHS = "$(inherited) @executable_path/Frameworks";
				PRODUCT_BUNDLE_IDENTIFIER = "com-topcuSalih-forgotPassword";
				PRODUCT_NAME = "$(TARGET_NAME)";
				SWIFT_VERSION = 4.0;
				TARGETED_DEVICE_FAMILY = "1,2";
			};
			name = Debug;
		};
		2C79FD841FB442AF00E0C998 /* Release */ = {
			isa = XCBuildConfiguration;
			baseConfigurationReference = F72D1B37D0BD5ABA17F8A411 /* Pods-forgotPassword.release.xcconfig */;
			buildSettings = {
				ASSETCATALOG_COMPILER_APPICON_NAME = AppIcon;
				CODE_SIGN_STYLE = Automatic;
				DEVELOPMENT_TEAM = 7LHLQS9ZQQ;
				INFOPLIST_FILE = forgotPassword/Info.plist;
				LD_RUNPATH_SEARCH_PATHS = "$(inherited) @executable_path/Frameworks";
				PRODUCT_BUNDLE_IDENTIFIER = "com-topcuSalih-forgotPassword";
				PRODUCT_NAME = "$(TARGET_NAME)";
				SWIFT_VERSION = 4.0;
				TARGETED_DEVICE_FAMILY = "1,2";
			};
			name = Release;
		};
		2C79FD861FB442AF00E0C998 /* Debug */ = {
			isa = XCBuildConfiguration;
			baseConfigurationReference = 85E7F3C9974DC9B046FA45E2 /* Pods-forgotPasswordTests.debug.xcconfig */;
			buildSettings = {
				ALWAYS_EMBED_SWIFT_STANDARD_LIBRARIES = YES;
				BUNDLE_LOADER = "$(TEST_HOST)";
				CODE_SIGN_STYLE = Automatic;
				DEVELOPMENT_TEAM = 7LHLQS9ZQQ;
				INFOPLIST_FILE = forgotPasswordTests/Info.plist;
				LD_RUNPATH_SEARCH_PATHS = "$(inherited) @executable_path/Frameworks @loader_path/Frameworks";
				PRODUCT_BUNDLE_IDENTIFIER = topcuSalih.TwitterUdemyApp.forgotPasswordTests;
				PRODUCT_NAME = "$(TARGET_NAME)";
				SWIFT_VERSION = 4.0;
				TARGETED_DEVICE_FAMILY = "1,2";
				TEST_HOST = "$(BUILT_PRODUCTS_DIR)/forgotPassword.app/forgotPassword";
			};
			name = Debug;
		};
		2C79FD871FB442AF00E0C998 /* Release */ = {
			isa = XCBuildConfiguration;
			baseConfigurationReference = 23616A2793AB6E3A56FF2CC7 /* Pods-forgotPasswordTests.release.xcconfig */;
			buildSettings = {
				ALWAYS_EMBED_SWIFT_STANDARD_LIBRARIES = YES;
				BUNDLE_LOADER = "$(TEST_HOST)";
				CODE_SIGN_STYLE = Automatic;
				DEVELOPMENT_TEAM = 7LHLQS9ZQQ;
				INFOPLIST_FILE = forgotPasswordTests/Info.plist;
				LD_RUNPATH_SEARCH_PATHS = "$(inherited) @executable_path/Frameworks @loader_path/Frameworks";
				PRODUCT_BUNDLE_IDENTIFIER = topcuSalih.TwitterUdemyApp.forgotPasswordTests;
				PRODUCT_NAME = "$(TARGET_NAME)";
				SWIFT_VERSION = 4.0;
				TARGETED_DEVICE_FAMILY = "1,2";
				TEST_HOST = "$(BUILT_PRODUCTS_DIR)/forgotPassword.app/forgotPassword";
			};
			name = Release;
		};
		2C79FD891FB442AF00E0C998 /* Debug */ = {
			isa = XCBuildConfiguration;
			baseConfigurationReference = 32E4DCE7087658FE2A969E4F /* Pods-forgotPasswordUITests.debug.xcconfig */;
			buildSettings = {
				ALWAYS_EMBED_SWIFT_STANDARD_LIBRARIES = YES;
				CODE_SIGN_STYLE = Automatic;
				DEVELOPMENT_TEAM = 7LHLQS9ZQQ;
				INFOPLIST_FILE = forgotPasswordUITests/Info.plist;
				LD_RUNPATH_SEARCH_PATHS = "$(inherited) @executable_path/Frameworks @loader_path/Frameworks";
				PRODUCT_BUNDLE_IDENTIFIER = topcuSalih.TwitterUdemyApp.forgotPasswordUITests;
				PRODUCT_NAME = "$(TARGET_NAME)";
				SWIFT_VERSION = 4.0;
				TARGETED_DEVICE_FAMILY = "1,2";
				TEST_TARGET_NAME = forgotPassword;
			};
			name = Debug;
		};
		2C79FD8A1FB442AF00E0C998 /* Release */ = {
			isa = XCBuildConfiguration;
			baseConfigurationReference = 2CB87284354F1E70C30E0B9A /* Pods-forgotPasswordUITests.release.xcconfig */;
			buildSettings = {
				ALWAYS_EMBED_SWIFT_STANDARD_LIBRARIES = YES;
				CODE_SIGN_STYLE = Automatic;
				DEVELOPMENT_TEAM = 7LHLQS9ZQQ;
				INFOPLIST_FILE = forgotPasswordUITests/Info.plist;
				LD_RUNPATH_SEARCH_PATHS = "$(inherited) @executable_path/Frameworks @loader_path/Frameworks";
				PRODUCT_BUNDLE_IDENTIFIER = topcuSalih.TwitterUdemyApp.forgotPasswordUITests;
				PRODUCT_NAME = "$(TARGET_NAME)";
				SWIFT_VERSION = 4.0;
				TARGETED_DEVICE_FAMILY = "1,2";
				TEST_TARGET_NAME = forgotPassword;
			};
			name = Release;
		};
/* End XCBuildConfiguration section */

/* Begin XCConfigurationList section */
		2C79FD521FB442AE00E0C998 /* Build configuration list for PBXProject "forgotPassword" */ = {
			isa = XCConfigurationList;
			buildConfigurations = (
				2C79FD801FB442AF00E0C998 /* Debug */,
				2C79FD811FB442AF00E0C998 /* Release */,
			);
			defaultConfigurationIsVisible = 0;
			defaultConfigurationName = Release;
		};
		2C79FD821FB442AF00E0C998 /* Build configuration list for PBXNativeTarget "forgotPassword" */ = {
			isa = XCConfigurationList;
			buildConfigurations = (
				2C79FD831FB442AF00E0C998 /* Debug */,
				2C79FD841FB442AF00E0C998 /* Release */,
			);
			defaultConfigurationIsVisible = 0;
			defaultConfigurationName = Release;
		};
		2C79FD851FB442AF00E0C998 /* Build configuration list for PBXNativeTarget "forgotPasswordTests" */ = {
			isa = XCConfigurationList;
			buildConfigurations = (
				2C79FD861FB442AF00E0C998 /* Debug */,
				2C79FD871FB442AF00E0C998 /* Release */,
			);
			defaultConfigurationIsVisible = 0;
			defaultConfigurationName = Release;
		};
		2C79FD881FB442AF00E0C998 /* Build configuration list for PBXNativeTarget "forgotPasswordUITests" */ = {
			isa = XCConfigurationList;
			buildConfigurations = (
				2C79FD891FB442AF00E0C998 /* Debug */,
				2C79FD8A1FB442AF00E0C998 /* Release */,
			);
			defaultConfigurationIsVisible = 0;
			defaultConfigurationName = Release;
		};
/* End XCConfigurationList section */

/* Begin XCVersionGroup section */
		2C79FD611FB442AF00E0C998 /* forgotPassword.xcdatamodeld */ = {
			isa = XCVersionGroup;
			children = (
				2C79FD621FB442AF00E0C998 /* forgotPassword.xcdatamodel */,
			);
			currentVersion = 2C79FD621FB442AF00E0C998 /* forgotPassword.xcdatamodel */;
			path = forgotPassword.xcdatamodeld;
			sourceTree = "<group>";
			versionGroupType = wrapper.xcdatamodel;
		};
/* End XCVersionGroup section */
	};
	rootObject = 2C79FD4F1FB442AE00E0C998 /* Project object */;
}
